
Microsoft Visual Studio Solution File, Format Version 12.00
# Visual Studio Version 16
VisualStudioVersion = 16.0.29306.81
MinimumVisualStudioVersion = 10.0.40219.1
Project("{9A19103F-16F7-4668-BE54-9A1E7A4F7556}") = "Tests", "Tests\Tests.csproj", "{2DA10C08-7C8B-4CF9-9935-CE7196ACA8C8}"
EndProject
Project("{2150E333-8FDC-42A3-9474-1A3956D46DE8}") = "Solution Items", "Solution Items", "{4AA6773F-B40C-41AD-BC5A-5F5690206024}"
	ProjectSection(SolutionItems) = preProject
		.gitignore = .gitignore
		build.ps1 = build.ps1
		Nuget.Config = Nuget.Config
		packAndUpdate.ps1 = packAndUpdate.ps1
		ReadMe.md = ReadMe.md
	EndProjectSection
EndProject
Project("{9A19103F-16F7-4668-BE54-9A1E7A4F7556}") = "Compiler", "Compiler\Compiler.csproj", "{E8C18A29-DC49-47D1-973F-874BBE955901}"
EndProject
Project("{9A19103F-16F7-4668-BE54-9A1E7A4F7556}") = "XamlTemplates.MSBuild", "XamlTemplates.MSBuild\XamlTemplates.MSBuild.csproj", "{E8BBE459-BC48-45AA-BF2C-7D3A897E410C}"
EndProject
Project("{9A19103F-16F7-4668-BE54-9A1E7A4F7556}") = "XamlTemplates.Sites", "XamlTemplates.Sites\XamlTemplates.Sites.csproj", "{7C3E479C-2E3B-4120-9740-FB58DC6EE762}"
EndProject
Project("{9A19103F-16F7-4668-BE54-9A1E7A4F7556}") = "Evans.XamlTemplates", "Evans.XamlTemplates\Evans.XamlTemplates.csproj", "{25510CAF-C073-41EA-998A-870B91FC6CAA}"
EndProject
Project("{FAE04EC0-301F-11D3-BF4B-00C04F79EFBC}") = "Evans.XamlTemplates.Android", "Evans.XamlTemplates.Android\Evans.XamlTemplates.Android.csproj", "{531C1E04-95C2-4960-8461-F87B119A5327}"
EndProject
Project("{FAE04EC0-301F-11D3-BF4B-00C04F79EFBC}") = "Evans.XamlTemplates.iOS", "Evans.XamlTemplates.iOS\Evans.XamlTemplates.iOS.csproj", "{3A8688D7-C603-4BAA-A650-45225853EBE8}"
EndProject
Project("{FAE04EC0-301F-11D3-BF4B-00C04F79EFBC}") = "Evans.XamlTemplates.UWP", "Evans.XamlTemplates.UWP\Evans.XamlTemplates.UWP.csproj", "{2621F20F-32E8-49C4-80CB-71475B00E9DA}"
EndProject
Project("{9A19103F-16F7-4668-BE54-9A1E7A4F7556}") = "Evans.XamlTemplates.Wasm", "Evans.XamlTemplates.Wasm\Evans.XamlTemplates.Wasm.csproj", "{7CBF0976-1FD3-48FC-AE79-DDCBF3F82AEF}"
EndProject
Project("{FAE04EC0-301F-11D3-BF4B-00C04F79EFBC}") = "Weather", "Weather\Weather\Weather.csproj", "{4184E291-B4E9-4836-881C-41FE5FB3ED22}"
EndProject
Project("{FAE04EC0-301F-11D3-BF4B-00C04F79EFBC}") = "Weather.Android", "Weather\Weather.Android\Weather.Android.csproj", "{68E6036F-59BD-459A-85FD-F28B96BEA699}"
EndProject
Project("{FAE04EC0-301F-11D3-BF4B-00C04F79EFBC}") = "Weather.iOS", "Weather\Weather.iOS\Weather.iOS.csproj", "{524DD103-C07B-411B-8629-20A3E3D02391}"
EndProject
Project("{FAE04EC0-301F-11D3-BF4B-00C04F79EFBC}") = "Weather.UWP", "Weather\Weather.UWP\Weather.UWP.csproj", "{B5712D9F-340F-47BF-B862-A0F03B4A2124}"
EndProject
Global
	GlobalSection(SolutionConfigurationPlatforms) = preSolution
		Ad-Hoc|Any CPU = Ad-Hoc|Any CPU
		Ad-Hoc|ARM = Ad-Hoc|ARM
		Ad-Hoc|iPhone = Ad-Hoc|iPhone
		Ad-Hoc|iPhoneSimulator = Ad-Hoc|iPhoneSimulator
		Ad-Hoc|x64 = Ad-Hoc|x64
		Ad-Hoc|x86 = Ad-Hoc|x86
		AppStore|Any CPU = AppStore|Any CPU
		AppStore|ARM = AppStore|ARM
		AppStore|iPhone = AppStore|iPhone
		AppStore|iPhoneSimulator = AppStore|iPhoneSimulator
		AppStore|x64 = AppStore|x64
		AppStore|x86 = AppStore|x86
		Debug|Any CPU = Debug|Any CPU
		Debug|ARM = Debug|ARM
		Debug|iPhone = Debug|iPhone
		Debug|iPhoneSimulator = Debug|iPhoneSimulator
		Debug|x64 = Debug|x64
		Debug|x86 = Debug|x86
		Release|Any CPU = Release|Any CPU
		Release|ARM = Release|ARM
		Release|iPhone = Release|iPhone
		Release|iPhoneSimulator = Release|iPhoneSimulator
		Release|x64 = Release|x64
		Release|x86 = Release|x86
	EndGlobalSection
	GlobalSection(ProjectConfigurationPlatforms) = postSolution
		{2DA10C08-7C8B-4CF9-9935-CE7196ACA8C8}.Ad-Hoc|Any CPU.ActiveCfg = Debug|Any CPU
		{2DA10C08-7C8B-4CF9-9935-CE7196ACA8C8}.Ad-Hoc|Any CPU.Build.0 = Debug|Any CPU
		{2DA10C08-7C8B-4CF9-9935-CE7196ACA8C8}.Ad-Hoc|ARM.ActiveCfg = Debug|Any CPU
		{2DA10C08-7C8B-4CF9-9935-CE7196ACA8C8}.Ad-Hoc|ARM.Build.0 = Debug|Any CPU
		{2DA10C08-7C8B-4CF9-9935-CE7196ACA8C8}.Ad-Hoc|iPhone.ActiveCfg = Debug|Any CPU
		{2DA10C08-7C8B-4CF9-9935-CE7196ACA8C8}.Ad-Hoc|iPhone.Build.0 = Debug|Any CPU
		{2DA10C08-7C8B-4CF9-9935-CE7196ACA8C8}.Ad-Hoc|iPhoneSimulator.ActiveCfg = Debug|Any CPU
		{2DA10C08-7C8B-4CF9-9935-CE7196ACA8C8}.Ad-Hoc|iPhoneSimulator.Build.0 = Debug|Any CPU
		{2DA10C08-7C8B-4CF9-9935-CE7196ACA8C8}.Ad-Hoc|x64.ActiveCfg = Debug|Any CPU
		{2DA10C08-7C8B-4CF9-9935-CE7196ACA8C8}.Ad-Hoc|x64.Build.0 = Debug|Any CPU
		{2DA10C08-7C8B-4CF9-9935-CE7196ACA8C8}.Ad-Hoc|x86.ActiveCfg = Debug|Any CPU
		{2DA10C08-7C8B-4CF9-9935-CE7196ACA8C8}.Ad-Hoc|x86.Build.0 = Debug|Any CPU
		{2DA10C08-7C8B-4CF9-9935-CE7196ACA8C8}.AppStore|Any CPU.ActiveCfg = Debug|Any CPU
		{2DA10C08-7C8B-4CF9-9935-CE7196ACA8C8}.AppStore|Any CPU.Build.0 = Debug|Any CPU
		{2DA10C08-7C8B-4CF9-9935-CE7196ACA8C8}.AppStore|ARM.ActiveCfg = Debug|Any CPU
		{2DA10C08-7C8B-4CF9-9935-CE7196ACA8C8}.AppStore|ARM.Build.0 = Debug|Any CPU
		{2DA10C08-7C8B-4CF9-9935-CE7196ACA8C8}.AppStore|iPhone.ActiveCfg = Debug|Any CPU
		{2DA10C08-7C8B-4CF9-9935-CE7196ACA8C8}.AppStore|iPhone.Build.0 = Debug|Any CPU
		{2DA10C08-7C8B-4CF9-9935-CE7196ACA8C8}.AppStore|iPhoneSimulator.ActiveCfg = Debug|Any CPU
		{2DA10C08-7C8B-4CF9-9935-CE7196ACA8C8}.AppStore|iPhoneSimulator.Build.0 = Debug|Any CPU
		{2DA10C08-7C8B-4CF9-9935-CE7196ACA8C8}.AppStore|x64.ActiveCfg = Debug|Any CPU
		{2DA10C08-7C8B-4CF9-9935-CE7196ACA8C8}.AppStore|x64.Build.0 = Debug|Any CPU
		{2DA10C08-7C8B-4CF9-9935-CE7196ACA8C8}.AppStore|x86.ActiveCfg = Debug|Any CPU
		{2DA10C08-7C8B-4CF9-9935-CE7196ACA8C8}.AppStore|x86.Build.0 = Debug|Any CPU
		{2DA10C08-7C8B-4CF9-9935-CE7196ACA8C8}.Debug|Any CPU.ActiveCfg = Debug|Any CPU
		{2DA10C08-7C8B-4CF9-9935-CE7196ACA8C8}.Debug|Any CPU.Build.0 = Debug|Any CPU
		{2DA10C08-7C8B-4CF9-9935-CE7196ACA8C8}.Debug|ARM.ActiveCfg = Debug|Any CPU
		{2DA10C08-7C8B-4CF9-9935-CE7196ACA8C8}.Debug|ARM.Build.0 = Debug|Any CPU
		{2DA10C08-7C8B-4CF9-9935-CE7196ACA8C8}.Debug|iPhone.ActiveCfg = Debug|Any CPU
		{2DA10C08-7C8B-4CF9-9935-CE7196ACA8C8}.Debug|iPhone.Build.0 = Debug|Any CPU
		{2DA10C08-7C8B-4CF9-9935-CE7196ACA8C8}.Debug|iPhoneSimulator.ActiveCfg = Debug|Any CPU
		{2DA10C08-7C8B-4CF9-9935-CE7196ACA8C8}.Debug|iPhoneSimulator.Build.0 = Debug|Any CPU
		{2DA10C08-7C8B-4CF9-9935-CE7196ACA8C8}.Debug|x64.ActiveCfg = Debug|Any CPU
		{2DA10C08-7C8B-4CF9-9935-CE7196ACA8C8}.Debug|x64.Build.0 = Debug|Any CPU
		{2DA10C08-7C8B-4CF9-9935-CE7196ACA8C8}.Debug|x86.ActiveCfg = Debug|Any CPU
		{2DA10C08-7C8B-4CF9-9935-CE7196ACA8C8}.Debug|x86.Build.0 = Debug|Any CPU
		{2DA10C08-7C8B-4CF9-9935-CE7196ACA8C8}.Release|Any CPU.ActiveCfg = Release|Any CPU
		{2DA10C08-7C8B-4CF9-9935-CE7196ACA8C8}.Release|Any CPU.Build.0 = Release|Any CPU
		{2DA10C08-7C8B-4CF9-9935-CE7196ACA8C8}.Release|ARM.ActiveCfg = Release|Any CPU
		{2DA10C08-7C8B-4CF9-9935-CE7196ACA8C8}.Release|ARM.Build.0 = Release|Any CPU
		{2DA10C08-7C8B-4CF9-9935-CE7196ACA8C8}.Release|iPhone.ActiveCfg = Release|Any CPU
		{2DA10C08-7C8B-4CF9-9935-CE7196ACA8C8}.Release|iPhone.Build.0 = Release|Any CPU
		{2DA10C08-7C8B-4CF9-9935-CE7196ACA8C8}.Release|iPhoneSimulator.ActiveCfg = Release|Any CPU
		{2DA10C08-7C8B-4CF9-9935-CE7196ACA8C8}.Release|iPhoneSimulator.Build.0 = Release|Any CPU
		{2DA10C08-7C8B-4CF9-9935-CE7196ACA8C8}.Release|x64.ActiveCfg = Release|Any CPU
		{2DA10C08-7C8B-4CF9-9935-CE7196ACA8C8}.Release|x64.Build.0 = Release|Any CPU
		{2DA10C08-7C8B-4CF9-9935-CE7196ACA8C8}.Release|x86.ActiveCfg = Release|Any CPU
		{2DA10C08-7C8B-4CF9-9935-CE7196ACA8C8}.Release|x86.Build.0 = Release|Any CPU
		{E8C18A29-DC49-47D1-973F-874BBE955901}.Ad-Hoc|Any CPU.ActiveCfg = Debug|Any CPU
		{E8C18A29-DC49-47D1-973F-874BBE955901}.Ad-Hoc|Any CPU.Build.0 = Debug|Any CPU
		{E8C18A29-DC49-47D1-973F-874BBE955901}.Ad-Hoc|ARM.ActiveCfg = Debug|Any CPU
		{E8C18A29-DC49-47D1-973F-874BBE955901}.Ad-Hoc|ARM.Build.0 = Debug|Any CPU
		{E8C18A29-DC49-47D1-973F-874BBE955901}.Ad-Hoc|iPhone.ActiveCfg = Debug|Any CPU
		{E8C18A29-DC49-47D1-973F-874BBE955901}.Ad-Hoc|iPhone.Build.0 = Debug|Any CPU
		{E8C18A29-DC49-47D1-973F-874BBE955901}.Ad-Hoc|iPhoneSimulator.ActiveCfg = Debug|Any CPU
		{E8C18A29-DC49-47D1-973F-874BBE955901}.Ad-Hoc|iPhoneSimulator.Build.0 = Debug|Any CPU
		{E8C18A29-DC49-47D1-973F-874BBE955901}.Ad-Hoc|x64.ActiveCfg = Debug|Any CPU
		{E8C18A29-DC49-47D1-973F-874BBE955901}.Ad-Hoc|x64.Build.0 = Debug|Any CPU
		{E8C18A29-DC49-47D1-973F-874BBE955901}.Ad-Hoc|x86.ActiveCfg = Debug|Any CPU
		{E8C18A29-DC49-47D1-973F-874BBE955901}.Ad-Hoc|x86.Build.0 = Debug|Any CPU
		{E8C18A29-DC49-47D1-973F-874BBE955901}.AppStore|Any CPU.ActiveCfg = Debug|Any CPU
		{E8C18A29-DC49-47D1-973F-874BBE955901}.AppStore|Any CPU.Build.0 = Debug|Any CPU
		{E8C18A29-DC49-47D1-973F-874BBE955901}.AppStore|ARM.ActiveCfg = Debug|Any CPU
		{E8C18A29-DC49-47D1-973F-874BBE955901}.AppStore|ARM.Build.0 = Debug|Any CPU
		{E8C18A29-DC49-47D1-973F-874BBE955901}.AppStore|iPhone.ActiveCfg = Debug|Any CPU
		{E8C18A29-DC49-47D1-973F-874BBE955901}.AppStore|iPhone.Build.0 = Debug|Any CPU
		{E8C18A29-DC49-47D1-973F-874BBE955901}.AppStore|iPhoneSimulator.ActiveCfg = Debug|Any CPU
		{E8C18A29-DC49-47D1-973F-874BBE955901}.AppStore|iPhoneSimulator.Build.0 = Debug|Any CPU
		{E8C18A29-DC49-47D1-973F-874BBE955901}.AppStore|x64.ActiveCfg = Debug|Any CPU
		{E8C18A29-DC49-47D1-973F-874BBE955901}.AppStore|x64.Build.0 = Debug|Any CPU
		{E8C18A29-DC49-47D1-973F-874BBE955901}.AppStore|x86.ActiveCfg = Debug|Any CPU
		{E8C18A29-DC49-47D1-973F-874BBE955901}.AppStore|x86.Build.0 = Debug|Any CPU
		{E8C18A29-DC49-47D1-973F-874BBE955901}.Debug|Any CPU.ActiveCfg = Debug|Any CPU
		{E8C18A29-DC49-47D1-973F-874BBE955901}.Debug|Any CPU.Build.0 = Debug|Any CPU
		{E8C18A29-DC49-47D1-973F-874BBE955901}.Debug|ARM.ActiveCfg = Debug|Any CPU
		{E8C18A29-DC49-47D1-973F-874BBE955901}.Debug|ARM.Build.0 = Debug|Any CPU
		{E8C18A29-DC49-47D1-973F-874BBE955901}.Debug|iPhone.ActiveCfg = Debug|Any CPU
		{E8C18A29-DC49-47D1-973F-874BBE955901}.Debug|iPhone.Build.0 = Debug|Any CPU
		{E8C18A29-DC49-47D1-973F-874BBE955901}.Debug|iPhoneSimulator.ActiveCfg = Debug|Any CPU
		{E8C18A29-DC49-47D1-973F-874BBE955901}.Debug|iPhoneSimulator.Build.0 = Debug|Any CPU
		{E8C18A29-DC49-47D1-973F-874BBE955901}.Debug|x64.ActiveCfg = Debug|Any CPU
		{E8C18A29-DC49-47D1-973F-874BBE955901}.Debug|x64.Build.0 = Debug|Any CPU
		{E8C18A29-DC49-47D1-973F-874BBE955901}.Debug|x86.ActiveCfg = Debug|Any CPU
		{E8C18A29-DC49-47D1-973F-874BBE955901}.Debug|x86.Build.0 = Debug|Any CPU
		{E8C18A29-DC49-47D1-973F-874BBE955901}.Release|Any CPU.ActiveCfg = Release|Any CPU
		{E8C18A29-DC49-47D1-973F-874BBE955901}.Release|Any CPU.Build.0 = Release|Any CPU
		{E8C18A29-DC49-47D1-973F-874BBE955901}.Release|ARM.ActiveCfg = Release|Any CPU
		{E8C18A29-DC49-47D1-973F-874BBE955901}.Release|ARM.Build.0 = Release|Any CPU
		{E8C18A29-DC49-47D1-973F-874BBE955901}.Release|iPhone.ActiveCfg = Release|Any CPU
		{E8C18A29-DC49-47D1-973F-874BBE955901}.Release|iPhone.Build.0 = Release|Any CPU
		{E8C18A29-DC49-47D1-973F-874BBE955901}.Release|iPhoneSimulator.ActiveCfg = Release|Any CPU
		{E8C18A29-DC49-47D1-973F-874BBE955901}.Release|iPhoneSimulator.Build.0 = Release|Any CPU
		{E8C18A29-DC49-47D1-973F-874BBE955901}.Release|x64.ActiveCfg = Release|Any CPU
		{E8C18A29-DC49-47D1-973F-874BBE955901}.Release|x64.Build.0 = Release|Any CPU
		{E8C18A29-DC49-47D1-973F-874BBE955901}.Release|x86.ActiveCfg = Release|Any CPU
		{E8C18A29-DC49-47D1-973F-874BBE955901}.Release|x86.Build.0 = Release|Any CPU
		{E8BBE459-BC48-45AA-BF2C-7D3A897E410C}.Ad-Hoc|Any CPU.ActiveCfg = Debug|Any CPU
		{E8BBE459-BC48-45AA-BF2C-7D3A897E410C}.Ad-Hoc|Any CPU.Build.0 = Debug|Any CPU
		{E8BBE459-BC48-45AA-BF2C-7D3A897E410C}.Ad-Hoc|ARM.ActiveCfg = Debug|Any CPU
		{E8BBE459-BC48-45AA-BF2C-7D3A897E410C}.Ad-Hoc|ARM.Build.0 = Debug|Any CPU
		{E8BBE459-BC48-45AA-BF2C-7D3A897E410C}.Ad-Hoc|iPhone.ActiveCfg = Debug|Any CPU
		{E8BBE459-BC48-45AA-BF2C-7D3A897E410C}.Ad-Hoc|iPhone.Build.0 = Debug|Any CPU
		{E8BBE459-BC48-45AA-BF2C-7D3A897E410C}.Ad-Hoc|iPhoneSimulator.ActiveCfg = Debug|Any CPU
		{E8BBE459-BC48-45AA-BF2C-7D3A897E410C}.Ad-Hoc|iPhoneSimulator.Build.0 = Debug|Any CPU
		{E8BBE459-BC48-45AA-BF2C-7D3A897E410C}.Ad-Hoc|x64.ActiveCfg = Debug|Any CPU
		{E8BBE459-BC48-45AA-BF2C-7D3A897E410C}.Ad-Hoc|x64.Build.0 = Debug|Any CPU
		{E8BBE459-BC48-45AA-BF2C-7D3A897E410C}.Ad-Hoc|x86.ActiveCfg = Debug|Any CPU
		{E8BBE459-BC48-45AA-BF2C-7D3A897E410C}.Ad-Hoc|x86.Build.0 = Debug|Any CPU
		{E8BBE459-BC48-45AA-BF2C-7D3A897E410C}.AppStore|Any CPU.ActiveCfg = Debug|Any CPU
		{E8BBE459-BC48-45AA-BF2C-7D3A897E410C}.AppStore|Any CPU.Build.0 = Debug|Any CPU
		{E8BBE459-BC48-45AA-BF2C-7D3A897E410C}.AppStore|ARM.ActiveCfg = Debug|Any CPU
		{E8BBE459-BC48-45AA-BF2C-7D3A897E410C}.AppStore|ARM.Build.0 = Debug|Any CPU
		{E8BBE459-BC48-45AA-BF2C-7D3A897E410C}.AppStore|iPhone.ActiveCfg = Debug|Any CPU
		{E8BBE459-BC48-45AA-BF2C-7D3A897E410C}.AppStore|iPhone.Build.0 = Debug|Any CPU
		{E8BBE459-BC48-45AA-BF2C-7D3A897E410C}.AppStore|iPhoneSimulator.ActiveCfg = Debug|Any CPU
		{E8BBE459-BC48-45AA-BF2C-7D3A897E410C}.AppStore|iPhoneSimulator.Build.0 = Debug|Any CPU
		{E8BBE459-BC48-45AA-BF2C-7D3A897E410C}.AppStore|x64.ActiveCfg = Debug|Any CPU
		{E8BBE459-BC48-45AA-BF2C-7D3A897E410C}.AppStore|x64.Build.0 = Debug|Any CPU
		{E8BBE459-BC48-45AA-BF2C-7D3A897E410C}.AppStore|x86.ActiveCfg = Debug|Any CPU
		{E8BBE459-BC48-45AA-BF2C-7D3A897E410C}.AppStore|x86.Build.0 = Debug|Any CPU
		{E8BBE459-BC48-45AA-BF2C-7D3A897E410C}.Debug|Any CPU.ActiveCfg = Debug|Any CPU
		{E8BBE459-BC48-45AA-BF2C-7D3A897E410C}.Debug|Any CPU.Build.0 = Debug|Any CPU
		{E8BBE459-BC48-45AA-BF2C-7D3A897E410C}.Debug|ARM.ActiveCfg = Debug|Any CPU
		{E8BBE459-BC48-45AA-BF2C-7D3A897E410C}.Debug|ARM.Build.0 = Debug|Any CPU
		{E8BBE459-BC48-45AA-BF2C-7D3A897E410C}.Debug|iPhone.ActiveCfg = Debug|Any CPU
		{E8BBE459-BC48-45AA-BF2C-7D3A897E410C}.Debug|iPhone.Build.0 = Debug|Any CPU
		{E8BBE459-BC48-45AA-BF2C-7D3A897E410C}.Debug|iPhoneSimulator.ActiveCfg = Debug|Any CPU
		{E8BBE459-BC48-45AA-BF2C-7D3A897E410C}.Debug|iPhoneSimulator.Build.0 = Debug|Any CPU
		{E8BBE459-BC48-45AA-BF2C-7D3A897E410C}.Debug|x64.ActiveCfg = Debug|Any CPU
		{E8BBE459-BC48-45AA-BF2C-7D3A897E410C}.Debug|x64.Build.0 = Debug|Any CPU
		{E8BBE459-BC48-45AA-BF2C-7D3A897E410C}.Debug|x86.ActiveCfg = Debug|Any CPU
		{E8BBE459-BC48-45AA-BF2C-7D3A897E410C}.Debug|x86.Build.0 = Debug|Any CPU
		{E8BBE459-BC48-45AA-BF2C-7D3A897E410C}.Release|Any CPU.ActiveCfg = Release|Any CPU
		{E8BBE459-BC48-45AA-BF2C-7D3A897E410C}.Release|Any CPU.Build.0 = Release|Any CPU
		{E8BBE459-BC48-45AA-BF2C-7D3A897E410C}.Release|ARM.ActiveCfg = Release|Any CPU
		{E8BBE459-BC48-45AA-BF2C-7D3A897E410C}.Release|ARM.Build.0 = Release|Any CPU
		{E8BBE459-BC48-45AA-BF2C-7D3A897E410C}.Release|iPhone.ActiveCfg = Release|Any CPU
		{E8BBE459-BC48-45AA-BF2C-7D3A897E410C}.Release|iPhone.Build.0 = Release|Any CPU
		{E8BBE459-BC48-45AA-BF2C-7D3A897E410C}.Release|iPhoneSimulator.ActiveCfg = Release|Any CPU
		{E8BBE459-BC48-45AA-BF2C-7D3A897E410C}.Release|iPhoneSimulator.Build.0 = Release|Any CPU
		{E8BBE459-BC48-45AA-BF2C-7D3A897E410C}.Release|x64.ActiveCfg = Release|Any CPU
		{E8BBE459-BC48-45AA-BF2C-7D3A897E410C}.Release|x64.Build.0 = Release|Any CPU
		{E8BBE459-BC48-45AA-BF2C-7D3A897E410C}.Release|x86.ActiveCfg = Release|Any CPU
		{E8BBE459-BC48-45AA-BF2C-7D3A897E410C}.Release|x86.Build.0 = Release|Any CPU
		{7C3E479C-2E3B-4120-9740-FB58DC6EE762}.Ad-Hoc|Any CPU.ActiveCfg = Debug|Any CPU
		{7C3E479C-2E3B-4120-9740-FB58DC6EE762}.Ad-Hoc|Any CPU.Build.0 = Debug|Any CPU
		{7C3E479C-2E3B-4120-9740-FB58DC6EE762}.Ad-Hoc|ARM.ActiveCfg = Debug|Any CPU
		{7C3E479C-2E3B-4120-9740-FB58DC6EE762}.Ad-Hoc|ARM.Build.0 = Debug|Any CPU
		{7C3E479C-2E3B-4120-9740-FB58DC6EE762}.Ad-Hoc|iPhone.ActiveCfg = Debug|Any CPU
		{7C3E479C-2E3B-4120-9740-FB58DC6EE762}.Ad-Hoc|iPhone.Build.0 = Debug|Any CPU
		{7C3E479C-2E3B-4120-9740-FB58DC6EE762}.Ad-Hoc|iPhoneSimulator.ActiveCfg = Debug|Any CPU
		{7C3E479C-2E3B-4120-9740-FB58DC6EE762}.Ad-Hoc|iPhoneSimulator.Build.0 = Debug|Any CPU
		{7C3E479C-2E3B-4120-9740-FB58DC6EE762}.Ad-Hoc|x64.ActiveCfg = Debug|Any CPU
		{7C3E479C-2E3B-4120-9740-FB58DC6EE762}.Ad-Hoc|x64.Build.0 = Debug|Any CPU
		{7C3E479C-2E3B-4120-9740-FB58DC6EE762}.Ad-Hoc|x86.ActiveCfg = Debug|Any CPU
		{7C3E479C-2E3B-4120-9740-FB58DC6EE762}.Ad-Hoc|x86.Build.0 = Debug|Any CPU
		{7C3E479C-2E3B-4120-9740-FB58DC6EE762}.AppStore|Any CPU.ActiveCfg = Debug|Any CPU
		{7C3E479C-2E3B-4120-9740-FB58DC6EE762}.AppStore|Any CPU.Build.0 = Debug|Any CPU
		{7C3E479C-2E3B-4120-9740-FB58DC6EE762}.AppStore|ARM.ActiveCfg = Debug|Any CPU
		{7C3E479C-2E3B-4120-9740-FB58DC6EE762}.AppStore|ARM.Build.0 = Debug|Any CPU
		{7C3E479C-2E3B-4120-9740-FB58DC6EE762}.AppStore|iPhone.ActiveCfg = Debug|Any CPU
		{7C3E479C-2E3B-4120-9740-FB58DC6EE762}.AppStore|iPhone.Build.0 = Debug|Any CPU
		{7C3E479C-2E3B-4120-9740-FB58DC6EE762}.AppStore|iPhoneSimulator.ActiveCfg = Debug|Any CPU
		{7C3E479C-2E3B-4120-9740-FB58DC6EE762}.AppStore|iPhoneSimulator.Build.0 = Debug|Any CPU
		{7C3E479C-2E3B-4120-9740-FB58DC6EE762}.AppStore|x64.ActiveCfg = Debug|Any CPU
		{7C3E479C-2E3B-4120-9740-FB58DC6EE762}.AppStore|x64.Build.0 = Debug|Any CPU
		{7C3E479C-2E3B-4120-9740-FB58DC6EE762}.AppStore|x86.ActiveCfg = Debug|Any CPU
		{7C3E479C-2E3B-4120-9740-FB58DC6EE762}.AppStore|x86.Build.0 = Debug|Any CPU
		{7C3E479C-2E3B-4120-9740-FB58DC6EE762}.Debug|Any CPU.ActiveCfg = Debug|Any CPU
		{7C3E479C-2E3B-4120-9740-FB58DC6EE762}.Debug|Any CPU.Build.0 = Debug|Any CPU
		{7C3E479C-2E3B-4120-9740-FB58DC6EE762}.Debug|ARM.ActiveCfg = Debug|Any CPU
		{7C3E479C-2E3B-4120-9740-FB58DC6EE762}.Debug|ARM.Build.0 = Debug|Any CPU
		{7C3E479C-2E3B-4120-9740-FB58DC6EE762}.Debug|iPhone.ActiveCfg = Debug|Any CPU
		{7C3E479C-2E3B-4120-9740-FB58DC6EE762}.Debug|iPhone.Build.0 = Debug|Any CPU
		{7C3E479C-2E3B-4120-9740-FB58DC6EE762}.Debug|iPhoneSimulator.ActiveCfg = Debug|Any CPU
		{7C3E479C-2E3B-4120-9740-FB58DC6EE762}.Debug|iPhoneSimulator.Build.0 = Debug|Any CPU
		{7C3E479C-2E3B-4120-9740-FB58DC6EE762}.Debug|x64.ActiveCfg = Debug|Any CPU
		{7C3E479C-2E3B-4120-9740-FB58DC6EE762}.Debug|x64.Build.0 = Debug|Any CPU
		{7C3E479C-2E3B-4120-9740-FB58DC6EE762}.Debug|x86.ActiveCfg = Debug|Any CPU
		{7C3E479C-2E3B-4120-9740-FB58DC6EE762}.Debug|x86.Build.0 = Debug|Any CPU
		{7C3E479C-2E3B-4120-9740-FB58DC6EE762}.Release|Any CPU.ActiveCfg = Release|Any CPU
		{7C3E479C-2E3B-4120-9740-FB58DC6EE762}.Release|Any CPU.Build.0 = Release|Any CPU
		{7C3E479C-2E3B-4120-9740-FB58DC6EE762}.Release|ARM.ActiveCfg = Release|Any CPU
		{7C3E479C-2E3B-4120-9740-FB58DC6EE762}.Release|ARM.Build.0 = Release|Any CPU
		{7C3E479C-2E3B-4120-9740-FB58DC6EE762}.Release|iPhone.ActiveCfg = Release|Any CPU
		{7C3E479C-2E3B-4120-9740-FB58DC6EE762}.Release|iPhone.Build.0 = Release|Any CPU
		{7C3E479C-2E3B-4120-9740-FB58DC6EE762}.Release|iPhoneSimulator.ActiveCfg = Release|Any CPU
		{7C3E479C-2E3B-4120-9740-FB58DC6EE762}.Release|iPhoneSimulator.Build.0 = Release|Any CPU
		{7C3E479C-2E3B-4120-9740-FB58DC6EE762}.Release|x64.ActiveCfg = Release|Any CPU
		{7C3E479C-2E3B-4120-9740-FB58DC6EE762}.Release|x64.Build.0 = Release|Any CPU
		{7C3E479C-2E3B-4120-9740-FB58DC6EE762}.Release|x86.ActiveCfg = Release|Any CPU
		{7C3E479C-2E3B-4120-9740-FB58DC6EE762}.Release|x86.Build.0 = Release|Any CPU
		{25510CAF-C073-41EA-998A-870B91FC6CAA}.Ad-Hoc|Any CPU.ActiveCfg = Debug|Any CPU
		{25510CAF-C073-41EA-998A-870B91FC6CAA}.Ad-Hoc|Any CPU.Build.0 = Debug|Any CPU
		{25510CAF-C073-41EA-998A-870B91FC6CAA}.Ad-Hoc|ARM.ActiveCfg = Debug|Any CPU
		{25510CAF-C073-41EA-998A-870B91FC6CAA}.Ad-Hoc|ARM.Build.0 = Debug|Any CPU
		{25510CAF-C073-41EA-998A-870B91FC6CAA}.Ad-Hoc|iPhone.ActiveCfg = Debug|Any CPU
		{25510CAF-C073-41EA-998A-870B91FC6CAA}.Ad-Hoc|iPhone.Build.0 = Debug|Any CPU
		{25510CAF-C073-41EA-998A-870B91FC6CAA}.Ad-Hoc|iPhoneSimulator.ActiveCfg = Debug|Any CPU
		{25510CAF-C073-41EA-998A-870B91FC6CAA}.Ad-Hoc|iPhoneSimulator.Build.0 = Debug|Any CPU
		{25510CAF-C073-41EA-998A-870B91FC6CAA}.Ad-Hoc|x64.ActiveCfg = Debug|Any CPU
		{25510CAF-C073-41EA-998A-870B91FC6CAA}.Ad-Hoc|x64.Build.0 = Debug|Any CPU
		{25510CAF-C073-41EA-998A-870B91FC6CAA}.Ad-Hoc|x86.ActiveCfg = Debug|Any CPU
		{25510CAF-C073-41EA-998A-870B91FC6CAA}.Ad-Hoc|x86.Build.0 = Debug|Any CPU
		{25510CAF-C073-41EA-998A-870B91FC6CAA}.AppStore|Any CPU.ActiveCfg = Debug|Any CPU
		{25510CAF-C073-41EA-998A-870B91FC6CAA}.AppStore|Any CPU.Build.0 = Debug|Any CPU
		{25510CAF-C073-41EA-998A-870B91FC6CAA}.AppStore|ARM.ActiveCfg = Debug|Any CPU
		{25510CAF-C073-41EA-998A-870B91FC6CAA}.AppStore|ARM.Build.0 = Debug|Any CPU
		{25510CAF-C073-41EA-998A-870B91FC6CAA}.AppStore|iPhone.ActiveCfg = Debug|Any CPU
		{25510CAF-C073-41EA-998A-870B91FC6CAA}.AppStore|iPhone.Build.0 = Debug|Any CPU
		{25510CAF-C073-41EA-998A-870B91FC6CAA}.AppStore|iPhoneSimulator.ActiveCfg = Debug|Any CPU
		{25510CAF-C073-41EA-998A-870B91FC6CAA}.AppStore|iPhoneSimulator.Build.0 = Debug|Any CPU
		{25510CAF-C073-41EA-998A-870B91FC6CAA}.AppStore|x64.ActiveCfg = Debug|Any CPU
		{25510CAF-C073-41EA-998A-870B91FC6CAA}.AppStore|x64.Build.0 = Debug|Any CPU
		{25510CAF-C073-41EA-998A-870B91FC6CAA}.AppStore|x86.ActiveCfg = Debug|Any CPU
		{25510CAF-C073-41EA-998A-870B91FC6CAA}.AppStore|x86.Build.0 = Debug|Any CPU
		{25510CAF-C073-41EA-998A-870B91FC6CAA}.Debug|Any CPU.ActiveCfg = Debug|Any CPU
		{25510CAF-C073-41EA-998A-870B91FC6CAA}.Debug|Any CPU.Build.0 = Debug|Any CPU
		{25510CAF-C073-41EA-998A-870B91FC6CAA}.Debug|ARM.ActiveCfg = Debug|Any CPU
		{25510CAF-C073-41EA-998A-870B91FC6CAA}.Debug|ARM.Build.0 = Debug|Any CPU
		{25510CAF-C073-41EA-998A-870B91FC6CAA}.Debug|iPhone.ActiveCfg = Debug|Any CPU
		{25510CAF-C073-41EA-998A-870B91FC6CAA}.Debug|iPhone.Build.0 = Debug|Any CPU
		{25510CAF-C073-41EA-998A-870B91FC6CAA}.Debug|iPhoneSimulator.ActiveCfg = Debug|Any CPU
		{25510CAF-C073-41EA-998A-870B91FC6CAA}.Debug|iPhoneSimulator.Build.0 = Debug|Any CPU
		{25510CAF-C073-41EA-998A-870B91FC6CAA}.Debug|x64.ActiveCfg = Debug|Any CPU
		{25510CAF-C073-41EA-998A-870B91FC6CAA}.Debug|x64.Build.0 = Debug|Any CPU
		{25510CAF-C073-41EA-998A-870B91FC6CAA}.Debug|x86.ActiveCfg = Debug|Any CPU
		{25510CAF-C073-41EA-998A-870B91FC6CAA}.Debug|x86.Build.0 = Debug|Any CPU
		{25510CAF-C073-41EA-998A-870B91FC6CAA}.Release|Any CPU.ActiveCfg = Release|Any CPU
		{25510CAF-C073-41EA-998A-870B91FC6CAA}.Release|Any CPU.Build.0 = Release|Any CPU
		{25510CAF-C073-41EA-998A-870B91FC6CAA}.Release|ARM.ActiveCfg = Release|Any CPU
		{25510CAF-C073-41EA-998A-870B91FC6CAA}.Release|ARM.Build.0 = Release|Any CPU
		{25510CAF-C073-41EA-998A-870B91FC6CAA}.Release|iPhone.ActiveCfg = Release|Any CPU
		{25510CAF-C073-41EA-998A-870B91FC6CAA}.Release|iPhone.Build.0 = Release|Any CPU
		{25510CAF-C073-41EA-998A-870B91FC6CAA}.Release|iPhoneSimulator.ActiveCfg = Release|Any CPU
		{25510CAF-C073-41EA-998A-870B91FC6CAA}.Release|iPhoneSimulator.Build.0 = Release|Any CPU
		{25510CAF-C073-41EA-998A-870B91FC6CAA}.Release|x64.ActiveCfg = Release|Any CPU
		{25510CAF-C073-41EA-998A-870B91FC6CAA}.Release|x64.Build.0 = Release|Any CPU
		{25510CAF-C073-41EA-998A-870B91FC6CAA}.Release|x86.ActiveCfg = Release|Any CPU
		{25510CAF-C073-41EA-998A-870B91FC6CAA}.Release|x86.Build.0 = Release|Any CPU
		{531C1E04-95C2-4960-8461-F87B119A5327}.Ad-Hoc|Any CPU.ActiveCfg = Release|Any CPU
		{531C1E04-95C2-4960-8461-F87B119A5327}.Ad-Hoc|Any CPU.Build.0 = Release|Any CPU
		{531C1E04-95C2-4960-8461-F87B119A5327}.Ad-Hoc|Any CPU.Deploy.0 = Release|Any CPU
		{531C1E04-95C2-4960-8461-F87B119A5327}.Ad-Hoc|ARM.ActiveCfg = Release|Any CPU
		{531C1E04-95C2-4960-8461-F87B119A5327}.Ad-Hoc|ARM.Build.0 = Release|Any CPU
		{531C1E04-95C2-4960-8461-F87B119A5327}.Ad-Hoc|ARM.Deploy.0 = Release|Any CPU
		{531C1E04-95C2-4960-8461-F87B119A5327}.Ad-Hoc|iPhone.ActiveCfg = Release|Any CPU
		{531C1E04-95C2-4960-8461-F87B119A5327}.Ad-Hoc|iPhone.Build.0 = Release|Any CPU
		{531C1E04-95C2-4960-8461-F87B119A5327}.Ad-Hoc|iPhone.Deploy.0 = Release|Any CPU
		{531C1E04-95C2-4960-8461-F87B119A5327}.Ad-Hoc|iPhoneSimulator.ActiveCfg = Release|Any CPU
		{531C1E04-95C2-4960-8461-F87B119A5327}.Ad-Hoc|iPhoneSimulator.Build.0 = Release|Any CPU
		{531C1E04-95C2-4960-8461-F87B119A5327}.Ad-Hoc|iPhoneSimulator.Deploy.0 = Release|Any CPU
		{531C1E04-95C2-4960-8461-F87B119A5327}.Ad-Hoc|x64.ActiveCfg = Release|Any CPU
		{531C1E04-95C2-4960-8461-F87B119A5327}.Ad-Hoc|x64.Build.0 = Release|Any CPU
		{531C1E04-95C2-4960-8461-F87B119A5327}.Ad-Hoc|x64.Deploy.0 = Release|Any CPU
		{531C1E04-95C2-4960-8461-F87B119A5327}.Ad-Hoc|x86.ActiveCfg = Release|Any CPU
		{531C1E04-95C2-4960-8461-F87B119A5327}.Ad-Hoc|x86.Build.0 = Release|Any CPU
		{531C1E04-95C2-4960-8461-F87B119A5327}.Ad-Hoc|x86.Deploy.0 = Release|Any CPU
		{531C1E04-95C2-4960-8461-F87B119A5327}.AppStore|Any CPU.ActiveCfg = Release|Any CPU
		{531C1E04-95C2-4960-8461-F87B119A5327}.AppStore|Any CPU.Build.0 = Release|Any CPU
		{531C1E04-95C2-4960-8461-F87B119A5327}.AppStore|Any CPU.Deploy.0 = Release|Any CPU
		{531C1E04-95C2-4960-8461-F87B119A5327}.AppStore|ARM.ActiveCfg = Release|Any CPU
		{531C1E04-95C2-4960-8461-F87B119A5327}.AppStore|ARM.Build.0 = Release|Any CPU
		{531C1E04-95C2-4960-8461-F87B119A5327}.AppStore|ARM.Deploy.0 = Release|Any CPU
		{531C1E04-95C2-4960-8461-F87B119A5327}.AppStore|iPhone.ActiveCfg = Release|Any CPU
		{531C1E04-95C2-4960-8461-F87B119A5327}.AppStore|iPhone.Build.0 = Release|Any CPU
		{531C1E04-95C2-4960-8461-F87B119A5327}.AppStore|iPhone.Deploy.0 = Release|Any CPU
		{531C1E04-95C2-4960-8461-F87B119A5327}.AppStore|iPhoneSimulator.ActiveCfg = Release|Any CPU
		{531C1E04-95C2-4960-8461-F87B119A5327}.AppStore|iPhoneSimulator.Build.0 = Release|Any CPU
		{531C1E04-95C2-4960-8461-F87B119A5327}.AppStore|iPhoneSimulator.Deploy.0 = Release|Any CPU
		{531C1E04-95C2-4960-8461-F87B119A5327}.AppStore|x64.ActiveCfg = Release|Any CPU
		{531C1E04-95C2-4960-8461-F87B119A5327}.AppStore|x64.Build.0 = Release|Any CPU
		{531C1E04-95C2-4960-8461-F87B119A5327}.AppStore|x64.Deploy.0 = Release|Any CPU
		{531C1E04-95C2-4960-8461-F87B119A5327}.AppStore|x86.ActiveCfg = Release|Any CPU
		{531C1E04-95C2-4960-8461-F87B119A5327}.AppStore|x86.Build.0 = Release|Any CPU
		{531C1E04-95C2-4960-8461-F87B119A5327}.AppStore|x86.Deploy.0 = Release|Any CPU
		{531C1E04-95C2-4960-8461-F87B119A5327}.Debug|Any CPU.ActiveCfg = Debug|Any CPU
		{531C1E04-95C2-4960-8461-F87B119A5327}.Debug|Any CPU.Build.0 = Debug|Any CPU
		{531C1E04-95C2-4960-8461-F87B119A5327}.Debug|Any CPU.Deploy.0 = Debug|Any CPU
		{531C1E04-95C2-4960-8461-F87B119A5327}.Debug|ARM.ActiveCfg = Debug|Any CPU
		{531C1E04-95C2-4960-8461-F87B119A5327}.Debug|ARM.Build.0 = Debug|Any CPU
		{531C1E04-95C2-4960-8461-F87B119A5327}.Debug|ARM.Deploy.0 = Debug|Any CPU
		{531C1E04-95C2-4960-8461-F87B119A5327}.Debug|iPhone.ActiveCfg = Debug|Any CPU
		{531C1E04-95C2-4960-8461-F87B119A5327}.Debug|iPhone.Build.0 = Debug|Any CPU
		{531C1E04-95C2-4960-8461-F87B119A5327}.Debug|iPhone.Deploy.0 = Debug|Any CPU
		{531C1E04-95C2-4960-8461-F87B119A5327}.Debug|iPhoneSimulator.ActiveCfg = Debug|Any CPU
		{531C1E04-95C2-4960-8461-F87B119A5327}.Debug|iPhoneSimulator.Build.0 = Debug|Any CPU
		{531C1E04-95C2-4960-8461-F87B119A5327}.Debug|iPhoneSimulator.Deploy.0 = Debug|Any CPU
		{531C1E04-95C2-4960-8461-F87B119A5327}.Debug|x64.ActiveCfg = Debug|Any CPU
		{531C1E04-95C2-4960-8461-F87B119A5327}.Debug|x64.Build.0 = Debug|Any CPU
		{531C1E04-95C2-4960-8461-F87B119A5327}.Debug|x64.Deploy.0 = Debug|Any CPU
		{531C1E04-95C2-4960-8461-F87B119A5327}.Debug|x86.ActiveCfg = Debug|Any CPU
		{531C1E04-95C2-4960-8461-F87B119A5327}.Debug|x86.Build.0 = Debug|Any CPU
		{531C1E04-95C2-4960-8461-F87B119A5327}.Debug|x86.Deploy.0 = Debug|Any CPU
		{531C1E04-95C2-4960-8461-F87B119A5327}.Release|Any CPU.ActiveCfg = Release|Any CPU
		{531C1E04-95C2-4960-8461-F87B119A5327}.Release|Any CPU.Build.0 = Release|Any CPU
		{531C1E04-95C2-4960-8461-F87B119A5327}.Release|Any CPU.Deploy.0 = Release|Any CPU
		{531C1E04-95C2-4960-8461-F87B119A5327}.Release|ARM.ActiveCfg = Release|Any CPU
		{531C1E04-95C2-4960-8461-F87B119A5327}.Release|ARM.Build.0 = Release|Any CPU
		{531C1E04-95C2-4960-8461-F87B119A5327}.Release|ARM.Deploy.0 = Release|Any CPU
		{531C1E04-95C2-4960-8461-F87B119A5327}.Release|iPhone.ActiveCfg = Release|Any CPU
		{531C1E04-95C2-4960-8461-F87B119A5327}.Release|iPhone.Build.0 = Release|Any CPU
		{531C1E04-95C2-4960-8461-F87B119A5327}.Release|iPhone.Deploy.0 = Release|Any CPU
		{531C1E04-95C2-4960-8461-F87B119A5327}.Release|iPhoneSimulator.ActiveCfg = Release|Any CPU
		{531C1E04-95C2-4960-8461-F87B119A5327}.Release|iPhoneSimulator.Build.0 = Release|Any CPU
		{531C1E04-95C2-4960-8461-F87B119A5327}.Release|iPhoneSimulator.Deploy.0 = Release|Any CPU
		{531C1E04-95C2-4960-8461-F87B119A5327}.Release|x64.ActiveCfg = Release|Any CPU
		{531C1E04-95C2-4960-8461-F87B119A5327}.Release|x64.Build.0 = Release|Any CPU
		{531C1E04-95C2-4960-8461-F87B119A5327}.Release|x64.Deploy.0 = Release|Any CPU
		{531C1E04-95C2-4960-8461-F87B119A5327}.Release|x86.ActiveCfg = Release|Any CPU
		{531C1E04-95C2-4960-8461-F87B119A5327}.Release|x86.Build.0 = Release|Any CPU
		{531C1E04-95C2-4960-8461-F87B119A5327}.Release|x86.Deploy.0 = Release|Any CPU
		{3A8688D7-C603-4BAA-A650-45225853EBE8}.Ad-Hoc|Any CPU.ActiveCfg = Ad-Hoc|iPhone
		{3A8688D7-C603-4BAA-A650-45225853EBE8}.Ad-Hoc|ARM.ActiveCfg = Ad-Hoc|iPhone
		{3A8688D7-C603-4BAA-A650-45225853EBE8}.Ad-Hoc|iPhone.ActiveCfg = Ad-Hoc|iPhone
		{3A8688D7-C603-4BAA-A650-45225853EBE8}.Ad-Hoc|iPhone.Build.0 = Ad-Hoc|iPhone
		{3A8688D7-C603-4BAA-A650-45225853EBE8}.Ad-Hoc|iPhoneSimulator.ActiveCfg = Ad-Hoc|iPhoneSimulator
		{3A8688D7-C603-4BAA-A650-45225853EBE8}.Ad-Hoc|iPhoneSimulator.Build.0 = Ad-Hoc|iPhoneSimulator
		{3A8688D7-C603-4BAA-A650-45225853EBE8}.Ad-Hoc|x64.ActiveCfg = Ad-Hoc|iPhone
		{3A8688D7-C603-4BAA-A650-45225853EBE8}.Ad-Hoc|x86.ActiveCfg = Ad-Hoc|iPhone
		{3A8688D7-C603-4BAA-A650-45225853EBE8}.AppStore|Any CPU.ActiveCfg = AppStore|iPhone
		{3A8688D7-C603-4BAA-A650-45225853EBE8}.AppStore|ARM.ActiveCfg = AppStore|iPhone
		{3A8688D7-C603-4BAA-A650-45225853EBE8}.AppStore|iPhone.ActiveCfg = AppStore|iPhone
		{3A8688D7-C603-4BAA-A650-45225853EBE8}.AppStore|iPhone.Build.0 = AppStore|iPhone
		{3A8688D7-C603-4BAA-A650-45225853EBE8}.AppStore|iPhoneSimulator.ActiveCfg = AppStore|iPhoneSimulator
		{3A8688D7-C603-4BAA-A650-45225853EBE8}.AppStore|iPhoneSimulator.Build.0 = AppStore|iPhoneSimulator
		{3A8688D7-C603-4BAA-A650-45225853EBE8}.AppStore|x64.ActiveCfg = AppStore|iPhone
		{3A8688D7-C603-4BAA-A650-45225853EBE8}.AppStore|x86.ActiveCfg = AppStore|iPhone
		{3A8688D7-C603-4BAA-A650-45225853EBE8}.Debug|Any CPU.ActiveCfg = Debug|iPhone
		{3A8688D7-C603-4BAA-A650-45225853EBE8}.Debug|ARM.ActiveCfg = Debug|iPhone
		{3A8688D7-C603-4BAA-A650-45225853EBE8}.Debug|iPhone.ActiveCfg = Debug|iPhone
		{3A8688D7-C603-4BAA-A650-45225853EBE8}.Debug|iPhone.Build.0 = Debug|iPhone
		{3A8688D7-C603-4BAA-A650-45225853EBE8}.Debug|iPhoneSimulator.ActiveCfg = Debug|iPhoneSimulator
		{3A8688D7-C603-4BAA-A650-45225853EBE8}.Debug|iPhoneSimulator.Build.0 = Debug|iPhoneSimulator
		{3A8688D7-C603-4BAA-A650-45225853EBE8}.Debug|x64.ActiveCfg = Debug|iPhone
		{3A8688D7-C603-4BAA-A650-45225853EBE8}.Debug|x86.ActiveCfg = Debug|iPhone
		{3A8688D7-C603-4BAA-A650-45225853EBE8}.Release|Any CPU.ActiveCfg = Release|iPhone
		{3A8688D7-C603-4BAA-A650-45225853EBE8}.Release|ARM.ActiveCfg = Release|iPhone
		{3A8688D7-C603-4BAA-A650-45225853EBE8}.Release|iPhone.ActiveCfg = Release|iPhone
		{3A8688D7-C603-4BAA-A650-45225853EBE8}.Release|iPhone.Build.0 = Release|iPhone
		{3A8688D7-C603-4BAA-A650-45225853EBE8}.Release|iPhoneSimulator.ActiveCfg = Release|iPhoneSimulator
		{3A8688D7-C603-4BAA-A650-45225853EBE8}.Release|iPhoneSimulator.Build.0 = Release|iPhoneSimulator
		{3A8688D7-C603-4BAA-A650-45225853EBE8}.Release|x64.ActiveCfg = Release|iPhone
		{3A8688D7-C603-4BAA-A650-45225853EBE8}.Release|x86.ActiveCfg = Release|iPhone
		{2621F20F-32E8-49C4-80CB-71475B00E9DA}.Ad-Hoc|Any CPU.ActiveCfg = Release|x86
		{2621F20F-32E8-49C4-80CB-71475B00E9DA}.Ad-Hoc|Any CPU.Build.0 = Release|x86
		{2621F20F-32E8-49C4-80CB-71475B00E9DA}.Ad-Hoc|Any CPU.Deploy.0 = Release|x86
		{2621F20F-32E8-49C4-80CB-71475B00E9DA}.Ad-Hoc|ARM.ActiveCfg = Release|ARM
		{2621F20F-32E8-49C4-80CB-71475B00E9DA}.Ad-Hoc|ARM.Build.0 = Release|ARM
		{2621F20F-32E8-49C4-80CB-71475B00E9DA}.Ad-Hoc|ARM.Deploy.0 = Release|ARM
		{2621F20F-32E8-49C4-80CB-71475B00E9DA}.Ad-Hoc|iPhone.ActiveCfg = Release|x86
		{2621F20F-32E8-49C4-80CB-71475B00E9DA}.Ad-Hoc|iPhone.Build.0 = Release|x86
		{2621F20F-32E8-49C4-80CB-71475B00E9DA}.Ad-Hoc|iPhone.Deploy.0 = Release|x86
		{2621F20F-32E8-49C4-80CB-71475B00E9DA}.Ad-Hoc|iPhoneSimulator.ActiveCfg = Release|x86
		{2621F20F-32E8-49C4-80CB-71475B00E9DA}.Ad-Hoc|iPhoneSimulator.Build.0 = Release|x86
		{2621F20F-32E8-49C4-80CB-71475B00E9DA}.Ad-Hoc|iPhoneSimulator.Deploy.0 = Release|x86
		{2621F20F-32E8-49C4-80CB-71475B00E9DA}.Ad-Hoc|x64.ActiveCfg = Release|x64
		{2621F20F-32E8-49C4-80CB-71475B00E9DA}.Ad-Hoc|x64.Build.0 = Release|x64
		{2621F20F-32E8-49C4-80CB-71475B00E9DA}.Ad-Hoc|x64.Deploy.0 = Release|x64
		{2621F20F-32E8-49C4-80CB-71475B00E9DA}.Ad-Hoc|x86.ActiveCfg = Release|x86
		{2621F20F-32E8-49C4-80CB-71475B00E9DA}.Ad-Hoc|x86.Build.0 = Release|x86
		{2621F20F-32E8-49C4-80CB-71475B00E9DA}.Ad-Hoc|x86.Deploy.0 = Release|x86
		{2621F20F-32E8-49C4-80CB-71475B00E9DA}.AppStore|Any CPU.ActiveCfg = Release|x86
		{2621F20F-32E8-49C4-80CB-71475B00E9DA}.AppStore|Any CPU.Build.0 = Release|x86
		{2621F20F-32E8-49C4-80CB-71475B00E9DA}.AppStore|Any CPU.Deploy.0 = Release|x86
		{2621F20F-32E8-49C4-80CB-71475B00E9DA}.AppStore|ARM.ActiveCfg = Release|ARM
		{2621F20F-32E8-49C4-80CB-71475B00E9DA}.AppStore|ARM.Build.0 = Release|ARM
		{2621F20F-32E8-49C4-80CB-71475B00E9DA}.AppStore|ARM.Deploy.0 = Release|ARM
		{2621F20F-32E8-49C4-80CB-71475B00E9DA}.AppStore|iPhone.ActiveCfg = Release|x86
		{2621F20F-32E8-49C4-80CB-71475B00E9DA}.AppStore|iPhone.Build.0 = Release|x86
		{2621F20F-32E8-49C4-80CB-71475B00E9DA}.AppStore|iPhone.Deploy.0 = Release|x86
		{2621F20F-32E8-49C4-80CB-71475B00E9DA}.AppStore|iPhoneSimulator.ActiveCfg = Release|x86
		{2621F20F-32E8-49C4-80CB-71475B00E9DA}.AppStore|iPhoneSimulator.Build.0 = Release|x86
		{2621F20F-32E8-49C4-80CB-71475B00E9DA}.AppStore|iPhoneSimulator.Deploy.0 = Release|x86
		{2621F20F-32E8-49C4-80CB-71475B00E9DA}.AppStore|x64.ActiveCfg = Release|x64
		{2621F20F-32E8-49C4-80CB-71475B00E9DA}.AppStore|x64.Build.0 = Release|x64
		{2621F20F-32E8-49C4-80CB-71475B00E9DA}.AppStore|x64.Deploy.0 = Release|x64
		{2621F20F-32E8-49C4-80CB-71475B00E9DA}.AppStore|x86.ActiveCfg = Release|x86
		{2621F20F-32E8-49C4-80CB-71475B00E9DA}.AppStore|x86.Build.0 = Release|x86
		{2621F20F-32E8-49C4-80CB-71475B00E9DA}.AppStore|x86.Deploy.0 = Release|x86
		{2621F20F-32E8-49C4-80CB-71475B00E9DA}.Debug|Any CPU.ActiveCfg = Debug|x86
		{2621F20F-32E8-49C4-80CB-71475B00E9DA}.Debug|ARM.ActiveCfg = Debug|ARM
		{2621F20F-32E8-49C4-80CB-71475B00E9DA}.Debug|ARM.Build.0 = Debug|ARM
		{2621F20F-32E8-49C4-80CB-71475B00E9DA}.Debug|ARM.Deploy.0 = Debug|ARM
		{2621F20F-32E8-49C4-80CB-71475B00E9DA}.Debug|iPhone.ActiveCfg = Debug|x86
		{2621F20F-32E8-49C4-80CB-71475B00E9DA}.Debug|iPhoneSimulator.ActiveCfg = Debug|x86
		{2621F20F-32E8-49C4-80CB-71475B00E9DA}.Debug|x64.ActiveCfg = Debug|x64
		{2621F20F-32E8-49C4-80CB-71475B00E9DA}.Debug|x64.Build.0 = Debug|x64
		{2621F20F-32E8-49C4-80CB-71475B00E9DA}.Debug|x64.Deploy.0 = Debug|x64
		{2621F20F-32E8-49C4-80CB-71475B00E9DA}.Debug|x86.ActiveCfg = Debug|x86
		{2621F20F-32E8-49C4-80CB-71475B00E9DA}.Debug|x86.Build.0 = Debug|x86
		{2621F20F-32E8-49C4-80CB-71475B00E9DA}.Debug|x86.Deploy.0 = Debug|x86
		{2621F20F-32E8-49C4-80CB-71475B00E9DA}.Release|Any CPU.ActiveCfg = Release|x86
		{2621F20F-32E8-49C4-80CB-71475B00E9DA}.Release|ARM.ActiveCfg = Release|ARM
		{2621F20F-32E8-49C4-80CB-71475B00E9DA}.Release|ARM.Build.0 = Release|ARM
		{2621F20F-32E8-49C4-80CB-71475B00E9DA}.Release|ARM.Deploy.0 = Release|ARM
		{2621F20F-32E8-49C4-80CB-71475B00E9DA}.Release|iPhone.ActiveCfg = Release|x86
		{2621F20F-32E8-49C4-80CB-71475B00E9DA}.Release|iPhoneSimulator.ActiveCfg = Release|x86
		{2621F20F-32E8-49C4-80CB-71475B00E9DA}.Release|x64.ActiveCfg = Release|x64
		{2621F20F-32E8-49C4-80CB-71475B00E9DA}.Release|x64.Build.0 = Release|x64
		{2621F20F-32E8-49C4-80CB-71475B00E9DA}.Release|x64.Deploy.0 = Release|x64
		{2621F20F-32E8-49C4-80CB-71475B00E9DA}.Release|x86.ActiveCfg = Release|x86
		{2621F20F-32E8-49C4-80CB-71475B00E9DA}.Release|x86.Build.0 = Release|x86
		{2621F20F-32E8-49C4-80CB-71475B00E9DA}.Release|x86.Deploy.0 = Release|x86
		{7CBF0976-1FD3-48FC-AE79-DDCBF3F82AEF}.Ad-Hoc|Any CPU.ActiveCfg = Debug|Any CPU
		{7CBF0976-1FD3-48FC-AE79-DDCBF3F82AEF}.Ad-Hoc|Any CPU.Build.0 = Debug|Any CPU
		{7CBF0976-1FD3-48FC-AE79-DDCBF3F82AEF}.Ad-Hoc|ARM.ActiveCfg = Debug|Any CPU
		{7CBF0976-1FD3-48FC-AE79-DDCBF3F82AEF}.Ad-Hoc|ARM.Build.0 = Debug|Any CPU
		{7CBF0976-1FD3-48FC-AE79-DDCBF3F82AEF}.Ad-Hoc|iPhone.ActiveCfg = Debug|Any CPU
		{7CBF0976-1FD3-48FC-AE79-DDCBF3F82AEF}.Ad-Hoc|iPhone.Build.0 = Debug|Any CPU
		{7CBF0976-1FD3-48FC-AE79-DDCBF3F82AEF}.Ad-Hoc|iPhoneSimulator.ActiveCfg = Debug|Any CPU
		{7CBF0976-1FD3-48FC-AE79-DDCBF3F82AEF}.Ad-Hoc|iPhoneSimulator.Build.0 = Debug|Any CPU
		{7CBF0976-1FD3-48FC-AE79-DDCBF3F82AEF}.Ad-Hoc|x64.ActiveCfg = Debug|Any CPU
		{7CBF0976-1FD3-48FC-AE79-DDCBF3F82AEF}.Ad-Hoc|x64.Build.0 = Debug|Any CPU
		{7CBF0976-1FD3-48FC-AE79-DDCBF3F82AEF}.Ad-Hoc|x86.ActiveCfg = Debug|Any CPU
		{7CBF0976-1FD3-48FC-AE79-DDCBF3F82AEF}.Ad-Hoc|x86.Build.0 = Debug|Any CPU
		{7CBF0976-1FD3-48FC-AE79-DDCBF3F82AEF}.AppStore|Any CPU.ActiveCfg = Debug|Any CPU
		{7CBF0976-1FD3-48FC-AE79-DDCBF3F82AEF}.AppStore|Any CPU.Build.0 = Debug|Any CPU
		{7CBF0976-1FD3-48FC-AE79-DDCBF3F82AEF}.AppStore|ARM.ActiveCfg = Debug|Any CPU
		{7CBF0976-1FD3-48FC-AE79-DDCBF3F82AEF}.AppStore|ARM.Build.0 = Debug|Any CPU
		{7CBF0976-1FD3-48FC-AE79-DDCBF3F82AEF}.AppStore|iPhone.ActiveCfg = Debug|Any CPU
		{7CBF0976-1FD3-48FC-AE79-DDCBF3F82AEF}.AppStore|iPhone.Build.0 = Debug|Any CPU
		{7CBF0976-1FD3-48FC-AE79-DDCBF3F82AEF}.AppStore|iPhoneSimulator.ActiveCfg = Debug|Any CPU
		{7CBF0976-1FD3-48FC-AE79-DDCBF3F82AEF}.AppStore|iPhoneSimulator.Build.0 = Debug|Any CPU
		{7CBF0976-1FD3-48FC-AE79-DDCBF3F82AEF}.AppStore|x64.ActiveCfg = Debug|Any CPU
		{7CBF0976-1FD3-48FC-AE79-DDCBF3F82AEF}.AppStore|x64.Build.0 = Debug|Any CPU
		{7CBF0976-1FD3-48FC-AE79-DDCBF3F82AEF}.AppStore|x86.ActiveCfg = Debug|Any CPU
		{7CBF0976-1FD3-48FC-AE79-DDCBF3F82AEF}.AppStore|x86.Build.0 = Debug|Any CPU
		{7CBF0976-1FD3-48FC-AE79-DDCBF3F82AEF}.Debug|Any CPU.ActiveCfg = Debug|Any CPU
		{7CBF0976-1FD3-48FC-AE79-DDCBF3F82AEF}.Debug|Any CPU.Build.0 = Debug|Any CPU
		{7CBF0976-1FD3-48FC-AE79-DDCBF3F82AEF}.Debug|ARM.ActiveCfg = Debug|Any CPU
		{7CBF0976-1FD3-48FC-AE79-DDCBF3F82AEF}.Debug|ARM.Build.0 = Debug|Any CPU
		{7CBF0976-1FD3-48FC-AE79-DDCBF3F82AEF}.Debug|iPhone.ActiveCfg = Debug|Any CPU
		{7CBF0976-1FD3-48FC-AE79-DDCBF3F82AEF}.Debug|iPhone.Build.0 = Debug|Any CPU
		{7CBF0976-1FD3-48FC-AE79-DDCBF3F82AEF}.Debug|iPhoneSimulator.ActiveCfg = Debug|Any CPU
		{7CBF0976-1FD3-48FC-AE79-DDCBF3F82AEF}.Debug|iPhoneSimulator.Build.0 = Debug|Any CPU
		{7CBF0976-1FD3-48FC-AE79-DDCBF3F82AEF}.Debug|x64.ActiveCfg = Debug|Any CPU
		{7CBF0976-1FD3-48FC-AE79-DDCBF3F82AEF}.Debug|x64.Build.0 = Debug|Any CPU
		{7CBF0976-1FD3-48FC-AE79-DDCBF3F82AEF}.Debug|x86.ActiveCfg = Debug|Any CPU
		{7CBF0976-1FD3-48FC-AE79-DDCBF3F82AEF}.Debug|x86.Build.0 = Debug|Any CPU
		{7CBF0976-1FD3-48FC-AE79-DDCBF3F82AEF}.Release|Any CPU.ActiveCfg = Release|Any CPU
		{7CBF0976-1FD3-48FC-AE79-DDCBF3F82AEF}.Release|Any CPU.Build.0 = Release|Any CPU
		{7CBF0976-1FD3-48FC-AE79-DDCBF3F82AEF}.Release|ARM.ActiveCfg = Release|Any CPU
		{7CBF0976-1FD3-48FC-AE79-DDCBF3F82AEF}.Release|ARM.Build.0 = Release|Any CPU
		{7CBF0976-1FD3-48FC-AE79-DDCBF3F82AEF}.Release|iPhone.ActiveCfg = Release|Any CPU
		{7CBF0976-1FD3-48FC-AE79-DDCBF3F82AEF}.Release|iPhone.Build.0 = Release|Any CPU
		{7CBF0976-1FD3-48FC-AE79-DDCBF3F82AEF}.Release|iPhoneSimulator.ActiveCfg = Release|Any CPU
		{7CBF0976-1FD3-48FC-AE79-DDCBF3F82AEF}.Release|iPhoneSimulator.Build.0 = Release|Any CPU
		{7CBF0976-1FD3-48FC-AE79-DDCBF3F82AEF}.Release|x64.ActiveCfg = Release|Any CPU
		{7CBF0976-1FD3-48FC-AE79-DDCBF3F82AEF}.Release|x64.Build.0 = Release|Any CPU
		{7CBF0976-1FD3-48FC-AE79-DDCBF3F82AEF}.Release|x86.ActiveCfg = Release|Any CPU
		{7CBF0976-1FD3-48FC-AE79-DDCBF3F82AEF}.Release|x86.Build.0 = Release|Any CPU
		{4184E291-B4E9-4836-881C-41FE5FB3ED22}.Ad-Hoc|Any CPU.ActiveCfg = Debug|Any CPU
		{4184E291-B4E9-4836-881C-41FE5FB3ED22}.Ad-Hoc|Any CPU.Build.0 = Debug|Any CPU
		{4184E291-B4E9-4836-881C-41FE5FB3ED22}.Ad-Hoc|ARM.ActiveCfg = Debug|Any CPU
		{4184E291-B4E9-4836-881C-41FE5FB3ED22}.Ad-Hoc|ARM.Build.0 = Debug|Any CPU
		{4184E291-B4E9-4836-881C-41FE5FB3ED22}.Ad-Hoc|iPhone.ActiveCfg = Debug|Any CPU
		{4184E291-B4E9-4836-881C-41FE5FB3ED22}.Ad-Hoc|iPhone.Build.0 = Debug|Any CPU
		{4184E291-B4E9-4836-881C-41FE5FB3ED22}.Ad-Hoc|iPhoneSimulator.ActiveCfg = Debug|Any CPU
		{4184E291-B4E9-4836-881C-41FE5FB3ED22}.Ad-Hoc|iPhoneSimulator.Build.0 = Debug|Any CPU
		{4184E291-B4E9-4836-881C-41FE5FB3ED22}.Ad-Hoc|x64.ActiveCfg = Debug|Any CPU
		{4184E291-B4E9-4836-881C-41FE5FB3ED22}.Ad-Hoc|x64.Build.0 = Debug|Any CPU
		{4184E291-B4E9-4836-881C-41FE5FB3ED22}.Ad-Hoc|x86.ActiveCfg = Debug|Any CPU
		{4184E291-B4E9-4836-881C-41FE5FB3ED22}.Ad-Hoc|x86.Build.0 = Debug|Any CPU
		{4184E291-B4E9-4836-881C-41FE5FB3ED22}.AppStore|Any CPU.ActiveCfg = Debug|Any CPU
		{4184E291-B4E9-4836-881C-41FE5FB3ED22}.AppStore|Any CPU.Build.0 = Debug|Any CPU
		{4184E291-B4E9-4836-881C-41FE5FB3ED22}.AppStore|ARM.ActiveCfg = Debug|Any CPU
		{4184E291-B4E9-4836-881C-41FE5FB3ED22}.AppStore|ARM.Build.0 = Debug|Any CPU
		{4184E291-B4E9-4836-881C-41FE5FB3ED22}.AppStore|iPhone.ActiveCfg = Debug|Any CPU
		{4184E291-B4E9-4836-881C-41FE5FB3ED22}.AppStore|iPhone.Build.0 = Debug|Any CPU
		{4184E291-B4E9-4836-881C-41FE5FB3ED22}.AppStore|iPhoneSimulator.ActiveCfg = Debug|Any CPU
		{4184E291-B4E9-4836-881C-41FE5FB3ED22}.AppStore|iPhoneSimulator.Build.0 = Debug|Any CPU
		{4184E291-B4E9-4836-881C-41FE5FB3ED22}.AppStore|x64.ActiveCfg = Debug|Any CPU
		{4184E291-B4E9-4836-881C-41FE5FB3ED22}.AppStore|x64.Build.0 = Debug|Any CPU
		{4184E291-B4E9-4836-881C-41FE5FB3ED22}.AppStore|x86.ActiveCfg = Debug|Any CPU
		{4184E291-B4E9-4836-881C-41FE5FB3ED22}.AppStore|x86.Build.0 = Debug|Any CPU
		{4184E291-B4E9-4836-881C-41FE5FB3ED22}.Debug|Any CPU.ActiveCfg = Debug|Any CPU
		{4184E291-B4E9-4836-881C-41FE5FB3ED22}.Debug|Any CPU.Build.0 = Debug|Any CPU
		{4184E291-B4E9-4836-881C-41FE5FB3ED22}.Debug|ARM.ActiveCfg = Debug|Any CPU
		{4184E291-B4E9-4836-881C-41FE5FB3ED22}.Debug|ARM.Build.0 = Debug|Any CPU
		{4184E291-B4E9-4836-881C-41FE5FB3ED22}.Debug|iPhone.ActiveCfg = Debug|Any CPU
		{4184E291-B4E9-4836-881C-41FE5FB3ED22}.Debug|iPhone.Build.0 = Debug|Any CPU
		{4184E291-B4E9-4836-881C-41FE5FB3ED22}.Debug|iPhoneSimulator.ActiveCfg = Debug|Any CPU
		{4184E291-B4E9-4836-881C-41FE5FB3ED22}.Debug|iPhoneSimulator.Build.0 = Debug|Any CPU
		{4184E291-B4E9-4836-881C-41FE5FB3ED22}.Debug|x64.ActiveCfg = Debug|Any CPU
		{4184E291-B4E9-4836-881C-41FE5FB3ED22}.Debug|x64.Build.0 = Debug|Any CPU
		{4184E291-B4E9-4836-881C-41FE5FB3ED22}.Debug|x86.ActiveCfg = Debug|Any CPU
		{4184E291-B4E9-4836-881C-41FE5FB3ED22}.Debug|x86.Build.0 = Debug|Any CPU
		{4184E291-B4E9-4836-881C-41FE5FB3ED22}.Release|Any CPU.ActiveCfg = Release|Any CPU
		{4184E291-B4E9-4836-881C-41FE5FB3ED22}.Release|Any CPU.Build.0 = Release|Any CPU
		{4184E291-B4E9-4836-881C-41FE5FB3ED22}.Release|ARM.ActiveCfg = Release|Any CPU
		{4184E291-B4E9-4836-881C-41FE5FB3ED22}.Release|ARM.Build.0 = Release|Any CPU
		{4184E291-B4E9-4836-881C-41FE5FB3ED22}.Release|iPhone.ActiveCfg = Release|Any CPU
		{4184E291-B4E9-4836-881C-41FE5FB3ED22}.Release|iPhone.Build.0 = Release|Any CPU
		{4184E291-B4E9-4836-881C-41FE5FB3ED22}.Release|iPhoneSimulator.ActiveCfg = Release|Any CPU
		{4184E291-B4E9-4836-881C-41FE5FB3ED22}.Release|iPhoneSimulator.Build.0 = Release|Any CPU
		{4184E291-B4E9-4836-881C-41FE5FB3ED22}.Release|x64.ActiveCfg = Release|Any CPU
		{4184E291-B4E9-4836-881C-41FE5FB3ED22}.Release|x64.Build.0 = Release|Any CPU
		{4184E291-B4E9-4836-881C-41FE5FB3ED22}.Release|x86.ActiveCfg = Release|Any CPU
		{4184E291-B4E9-4836-881C-41FE5FB3ED22}.Release|x86.Build.0 = Release|Any CPU
		{68E6036F-59BD-459A-85FD-F28B96BEA699}.Ad-Hoc|Any CPU.ActiveCfg = Release|Any CPU
		{68E6036F-59BD-459A-85FD-F28B96BEA699}.Ad-Hoc|Any CPU.Build.0 = Release|Any CPU
		{68E6036F-59BD-459A-85FD-F28B96BEA699}.Ad-Hoc|Any CPU.Deploy.0 = Release|Any CPU
		{68E6036F-59BD-459A-85FD-F28B96BEA699}.Ad-Hoc|ARM.ActiveCfg = Release|Any CPU
		{68E6036F-59BD-459A-85FD-F28B96BEA699}.Ad-Hoc|ARM.Build.0 = Release|Any CPU
		{68E6036F-59BD-459A-85FD-F28B96BEA699}.Ad-Hoc|ARM.Deploy.0 = Release|Any CPU
		{68E6036F-59BD-459A-85FD-F28B96BEA699}.Ad-Hoc|iPhone.ActiveCfg = Release|Any CPU
		{68E6036F-59BD-459A-85FD-F28B96BEA699}.Ad-Hoc|iPhone.Build.0 = Release|Any CPU
		{68E6036F-59BD-459A-85FD-F28B96BEA699}.Ad-Hoc|iPhone.Deploy.0 = Release|Any CPU
		{68E6036F-59BD-459A-85FD-F28B96BEA699}.Ad-Hoc|iPhoneSimulator.ActiveCfg = Release|Any CPU
		{68E6036F-59BD-459A-85FD-F28B96BEA699}.Ad-Hoc|iPhoneSimulator.Build.0 = Release|Any CPU
		{68E6036F-59BD-459A-85FD-F28B96BEA699}.Ad-Hoc|iPhoneSimulator.Deploy.0 = Release|Any CPU
		{68E6036F-59BD-459A-85FD-F28B96BEA699}.Ad-Hoc|x64.ActiveCfg = Release|Any CPU
		{68E6036F-59BD-459A-85FD-F28B96BEA699}.Ad-Hoc|x64.Build.0 = Release|Any CPU
		{68E6036F-59BD-459A-85FD-F28B96BEA699}.Ad-Hoc|x64.Deploy.0 = Release|Any CPU
		{68E6036F-59BD-459A-85FD-F28B96BEA699}.Ad-Hoc|x86.ActiveCfg = Release|Any CPU
		{68E6036F-59BD-459A-85FD-F28B96BEA699}.Ad-Hoc|x86.Build.0 = Release|Any CPU
		{68E6036F-59BD-459A-85FD-F28B96BEA699}.Ad-Hoc|x86.Deploy.0 = Release|Any CPU
		{68E6036F-59BD-459A-85FD-F28B96BEA699}.AppStore|Any CPU.ActiveCfg = Release|Any CPU
		{68E6036F-59BD-459A-85FD-F28B96BEA699}.AppStore|Any CPU.Build.0 = Release|Any CPU
		{68E6036F-59BD-459A-85FD-F28B96BEA699}.AppStore|Any CPU.Deploy.0 = Release|Any CPU
		{68E6036F-59BD-459A-85FD-F28B96BEA699}.AppStore|ARM.ActiveCfg = Release|Any CPU
		{68E6036F-59BD-459A-85FD-F28B96BEA699}.AppStore|ARM.Build.0 = Release|Any CPU
		{68E6036F-59BD-459A-85FD-F28B96BEA699}.AppStore|ARM.Deploy.0 = Release|Any CPU
		{68E6036F-59BD-459A-85FD-F28B96BEA699}.AppStore|iPhone.ActiveCfg = Release|Any CPU
		{68E6036F-59BD-459A-85FD-F28B96BEA699}.AppStore|iPhone.Build.0 = Release|Any CPU
		{68E6036F-59BD-459A-85FD-F28B96BEA699}.AppStore|iPhone.Deploy.0 = Release|Any CPU
		{68E6036F-59BD-459A-85FD-F28B96BEA699}.AppStore|iPhoneSimulator.ActiveCfg = Release|Any CPU
		{68E6036F-59BD-459A-85FD-F28B96BEA699}.AppStore|iPhoneSimulator.Build.0 = Release|Any CPU
		{68E6036F-59BD-459A-85FD-F28B96BEA699}.AppStore|iPhoneSimulator.Deploy.0 = Release|Any CPU
		{68E6036F-59BD-459A-85FD-F28B96BEA699}.AppStore|x64.ActiveCfg = Release|Any CPU
		{68E6036F-59BD-459A-85FD-F28B96BEA699}.AppStore|x64.Build.0 = Release|Any CPU
		{68E6036F-59BD-459A-85FD-F28B96BEA699}.AppStore|x64.Deploy.0 = Release|Any CPU
		{68E6036F-59BD-459A-85FD-F28B96BEA699}.AppStore|x86.ActiveCfg = Release|Any CPU
		{68E6036F-59BD-459A-85FD-F28B96BEA699}.AppStore|x86.Build.0 = Release|Any CPU
		{68E6036F-59BD-459A-85FD-F28B96BEA699}.AppStore|x86.Deploy.0 = Release|Any CPU
		{68E6036F-59BD-459A-85FD-F28B96BEA699}.Debug|Any CPU.ActiveCfg = Debug|Any CPU
		{68E6036F-59BD-459A-85FD-F28B96BEA699}.Debug|Any CPU.Build.0 = Debug|Any CPU
		{68E6036F-59BD-459A-85FD-F28B96BEA699}.Debug|Any CPU.Deploy.0 = Debug|Any CPU
		{68E6036F-59BD-459A-85FD-F28B96BEA699}.Debug|ARM.ActiveCfg = Debug|Any CPU
		{68E6036F-59BD-459A-85FD-F28B96BEA699}.Debug|ARM.Build.0 = Debug|Any CPU
		{68E6036F-59BD-459A-85FD-F28B96BEA699}.Debug|ARM.Deploy.0 = Debug|Any CPU
		{68E6036F-59BD-459A-85FD-F28B96BEA699}.Debug|iPhone.ActiveCfg = Debug|Any CPU
		{68E6036F-59BD-459A-85FD-F28B96BEA699}.Debug|iPhone.Build.0 = Debug|Any CPU
		{68E6036F-59BD-459A-85FD-F28B96BEA699}.Debug|iPhone.Deploy.0 = Debug|Any CPU
		{68E6036F-59BD-459A-85FD-F28B96BEA699}.Debug|iPhoneSimulator.ActiveCfg = Debug|Any CPU
		{68E6036F-59BD-459A-85FD-F28B96BEA699}.Debug|iPhoneSimulator.Build.0 = Debug|Any CPU
		{68E6036F-59BD-459A-85FD-F28B96BEA699}.Debug|iPhoneSimulator.Deploy.0 = Debug|Any CPU
		{68E6036F-59BD-459A-85FD-F28B96BEA699}.Debug|x64.ActiveCfg = Debug|Any CPU
		{68E6036F-59BD-459A-85FD-F28B96BEA699}.Debug|x64.Build.0 = Debug|Any CPU
		{68E6036F-59BD-459A-85FD-F28B96BEA699}.Debug|x64.Deploy.0 = Debug|Any CPU
		{68E6036F-59BD-459A-85FD-F28B96BEA699}.Debug|x86.ActiveCfg = Debug|Any CPU
		{68E6036F-59BD-459A-85FD-F28B96BEA699}.Debug|x86.Build.0 = Debug|Any CPU
		{68E6036F-59BD-459A-85FD-F28B96BEA699}.Debug|x86.Deploy.0 = Debug|Any CPU
		{68E6036F-59BD-459A-85FD-F28B96BEA699}.Release|Any CPU.ActiveCfg = Release|Any CPU
		{68E6036F-59BD-459A-85FD-F28B96BEA699}.Release|Any CPU.Build.0 = Release|Any CPU
		{68E6036F-59BD-459A-85FD-F28B96BEA699}.Release|Any CPU.Deploy.0 = Release|Any CPU
		{68E6036F-59BD-459A-85FD-F28B96BEA699}.Release|ARM.ActiveCfg = Release|Any CPU
		{68E6036F-59BD-459A-85FD-F28B96BEA699}.Release|ARM.Build.0 = Release|Any CPU
		{68E6036F-59BD-459A-85FD-F28B96BEA699}.Release|ARM.Deploy.0 = Release|Any CPU
		{68E6036F-59BD-459A-85FD-F28B96BEA699}.Release|iPhone.ActiveCfg = Release|Any CPU
		{68E6036F-59BD-459A-85FD-F28B96BEA699}.Release|iPhone.Build.0 = Release|Any CPU
		{68E6036F-59BD-459A-85FD-F28B96BEA699}.Release|iPhone.Deploy.0 = Release|Any CPU
		{68E6036F-59BD-459A-85FD-F28B96BEA699}.Release|iPhoneSimulator.ActiveCfg = Release|Any CPU
		{68E6036F-59BD-459A-85FD-F28B96BEA699}.Release|iPhoneSimulator.Build.0 = Release|Any CPU
		{68E6036F-59BD-459A-85FD-F28B96BEA699}.Release|iPhoneSimulator.Deploy.0 = Release|Any CPU
		{68E6036F-59BD-459A-85FD-F28B96BEA699}.Release|x64.ActiveCfg = Release|Any CPU
		{68E6036F-59BD-459A-85FD-F28B96BEA699}.Release|x64.Build.0 = Release|Any CPU
		{68E6036F-59BD-459A-85FD-F28B96BEA699}.Release|x64.Deploy.0 = Release|Any CPU
		{68E6036F-59BD-459A-85FD-F28B96BEA699}.Release|x86.ActiveCfg = Release|Any CPU
		{68E6036F-59BD-459A-85FD-F28B96BEA699}.Release|x86.Build.0 = Release|Any CPU
		{68E6036F-59BD-459A-85FD-F28B96BEA699}.Release|x86.Deploy.0 = Release|Any CPU
		{524DD103-C07B-411B-8629-20A3E3D02391}.Ad-Hoc|Any CPU.ActiveCfg = Ad-Hoc|iPhone
		{524DD103-C07B-411B-8629-20A3E3D02391}.Ad-Hoc|ARM.ActiveCfg = Ad-Hoc|iPhone
		{524DD103-C07B-411B-8629-20A3E3D02391}.Ad-Hoc|iPhone.ActiveCfg = Ad-Hoc|iPhone
		{524DD103-C07B-411B-8629-20A3E3D02391}.Ad-Hoc|iPhone.Build.0 = Ad-Hoc|iPhone
		{524DD103-C07B-411B-8629-20A3E3D02391}.Ad-Hoc|iPhoneSimulator.ActiveCfg = Ad-Hoc|iPhoneSimulator
		{524DD103-C07B-411B-8629-20A3E3D02391}.Ad-Hoc|iPhoneSimulator.Build.0 = Ad-Hoc|iPhoneSimulator
		{524DD103-C07B-411B-8629-20A3E3D02391}.Ad-Hoc|x64.ActiveCfg = Ad-Hoc|iPhone
		{524DD103-C07B-411B-8629-20A3E3D02391}.Ad-Hoc|x86.ActiveCfg = Ad-Hoc|iPhone
		{524DD103-C07B-411B-8629-20A3E3D02391}.AppStore|Any CPU.ActiveCfg = AppStore|iPhone
		{524DD103-C07B-411B-8629-20A3E3D02391}.AppStore|ARM.ActiveCfg = AppStore|iPhone
		{524DD103-C07B-411B-8629-20A3E3D02391}.AppStore|iPhone.ActiveCfg = AppStore|iPhone
		{524DD103-C07B-411B-8629-20A3E3D02391}.AppStore|iPhone.Build.0 = AppStore|iPhone
		{524DD103-C07B-411B-8629-20A3E3D02391}.AppStore|iPhoneSimulator.ActiveCfg = AppStore|iPhoneSimulator
		{524DD103-C07B-411B-8629-20A3E3D02391}.AppStore|iPhoneSimulator.Build.0 = AppStore|iPhoneSimulator
		{524DD103-C07B-411B-8629-20A3E3D02391}.AppStore|x64.ActiveCfg = AppStore|iPhone
		{524DD103-C07B-411B-8629-20A3E3D02391}.AppStore|x86.ActiveCfg = AppStore|iPhone
		{524DD103-C07B-411B-8629-20A3E3D02391}.Debug|Any CPU.ActiveCfg = Debug|iPhone
		{524DD103-C07B-411B-8629-20A3E3D02391}.Debug|ARM.ActiveCfg = Debug|iPhone
		{524DD103-C07B-411B-8629-20A3E3D02391}.Debug|iPhone.ActiveCfg = Debug|iPhone
		{524DD103-C07B-411B-8629-20A3E3D02391}.Debug|iPhone.Build.0 = Debug|iPhone
		{524DD103-C07B-411B-8629-20A3E3D02391}.Debug|iPhoneSimulator.ActiveCfg = Debug|iPhoneSimulator
		{524DD103-C07B-411B-8629-20A3E3D02391}.Debug|iPhoneSimulator.Build.0 = Debug|iPhoneSimulator
		{524DD103-C07B-411B-8629-20A3E3D02391}.Debug|x64.ActiveCfg = Debug|iPhone
		{524DD103-C07B-411B-8629-20A3E3D02391}.Debug|x86.ActiveCfg = Debug|iPhone
		{524DD103-C07B-411B-8629-20A3E3D02391}.Release|Any CPU.ActiveCfg = Release|iPhone
		{524DD103-C07B-411B-8629-20A3E3D02391}.Release|ARM.ActiveCfg = Release|iPhone
		{524DD103-C07B-411B-8629-20A3E3D02391}.Release|iPhone.ActiveCfg = Release|iPhone
		{524DD103-C07B-411B-8629-20A3E3D02391}.Release|iPhone.Build.0 = Release|iPhone
		{524DD103-C07B-411B-8629-20A3E3D02391}.Release|iPhoneSimulator.ActiveCfg = Release|iPhoneSimulator
		{524DD103-C07B-411B-8629-20A3E3D02391}.Release|iPhoneSimulator.Build.0 = Release|iPhoneSimulator
		{524DD103-C07B-411B-8629-20A3E3D02391}.Release|x64.ActiveCfg = Release|iPhone
		{524DD103-C07B-411B-8629-20A3E3D02391}.Release|x86.ActiveCfg = Release|iPhone
		{B5712D9F-340F-47BF-B862-A0F03B4A2124}.Ad-Hoc|Any CPU.ActiveCfg = Release|x86
		{B5712D9F-340F-47BF-B862-A0F03B4A2124}.Ad-Hoc|Any CPU.Build.0 = Release|x86
		{B5712D9F-340F-47BF-B862-A0F03B4A2124}.Ad-Hoc|Any CPU.Deploy.0 = Release|x86
		{B5712D9F-340F-47BF-B862-A0F03B4A2124}.Ad-Hoc|ARM.ActiveCfg = Release|ARM
		{B5712D9F-340F-47BF-B862-A0F03B4A2124}.Ad-Hoc|ARM.Build.0 = Release|ARM
		{B5712D9F-340F-47BF-B862-A0F03B4A2124}.Ad-Hoc|ARM.Deploy.0 = Release|ARM
		{B5712D9F-340F-47BF-B862-A0F03B4A2124}.Ad-Hoc|iPhone.ActiveCfg = Release|x86
		{B5712D9F-340F-47BF-B862-A0F03B4A2124}.Ad-Hoc|iPhone.Build.0 = Release|x86
		{B5712D9F-340F-47BF-B862-A0F03B4A2124}.Ad-Hoc|iPhone.Deploy.0 = Release|x86
		{B5712D9F-340F-47BF-B862-A0F03B4A2124}.Ad-Hoc|iPhoneSimulator.ActiveCfg = Release|x86
		{B5712D9F-340F-47BF-B862-A0F03B4A2124}.Ad-Hoc|iPhoneSimulator.Build.0 = Release|x86
		{B5712D9F-340F-47BF-B862-A0F03B4A2124}.Ad-Hoc|iPhoneSimulator.Deploy.0 = Release|x86
		{B5712D9F-340F-47BF-B862-A0F03B4A2124}.Ad-Hoc|x64.ActiveCfg = Release|x64
		{B5712D9F-340F-47BF-B862-A0F03B4A2124}.Ad-Hoc|x64.Build.0 = Release|x64
		{B5712D9F-340F-47BF-B862-A0F03B4A2124}.Ad-Hoc|x64.Deploy.0 = Release|x64
		{B5712D9F-340F-47BF-B862-A0F03B4A2124}.Ad-Hoc|x86.ActiveCfg = Release|x86
		{B5712D9F-340F-47BF-B862-A0F03B4A2124}.Ad-Hoc|x86.Build.0 = Release|x86
		{B5712D9F-340F-47BF-B862-A0F03B4A2124}.Ad-Hoc|x86.Deploy.0 = Release|x86
		{B5712D9F-340F-47BF-B862-A0F03B4A2124}.AppStore|Any CPU.ActiveCfg = Release|x86
		{B5712D9F-340F-47BF-B862-A0F03B4A2124}.AppStore|Any CPU.Build.0 = Release|x86
		{B5712D9F-340F-47BF-B862-A0F03B4A2124}.AppStore|Any CPU.Deploy.0 = Release|x86
		{B5712D9F-340F-47BF-B862-A0F03B4A2124}.AppStore|ARM.ActiveCfg = Release|ARM
		{B5712D9F-340F-47BF-B862-A0F03B4A2124}.AppStore|ARM.Build.0 = Release|ARM
		{B5712D9F-340F-47BF-B862-A0F03B4A2124}.AppStore|ARM.Deploy.0 = Release|ARM
		{B5712D9F-340F-47BF-B862-A0F03B4A2124}.AppStore|iPhone.ActiveCfg = Release|x86
		{B5712D9F-340F-47BF-B862-A0F03B4A2124}.AppStore|iPhone.Build.0 = Release|x86
		{B5712D9F-340F-47BF-B862-A0F03B4A2124}.AppStore|iPhone.Deploy.0 = Release|x86
		{B5712D9F-340F-47BF-B862-A0F03B4A2124}.AppStore|iPhoneSimulator.ActiveCfg = Release|x86
		{B5712D9F-340F-47BF-B862-A0F03B4A2124}.AppStore|iPhoneSimulator.Build.0 = Release|x86
		{B5712D9F-340F-47BF-B862-A0F03B4A2124}.AppStore|iPhoneSimulator.Deploy.0 = Release|x86
		{B5712D9F-340F-47BF-B862-A0F03B4A2124}.AppStore|x64.ActiveCfg = Release|x64
		{B5712D9F-340F-47BF-B862-A0F03B4A2124}.AppStore|x64.Build.0 = Release|x64
		{B5712D9F-340F-47BF-B862-A0F03B4A2124}.AppStore|x64.Deploy.0 = Release|x64
		{B5712D9F-340F-47BF-B862-A0F03B4A2124}.AppStore|x86.ActiveCfg = Release|x86
		{B5712D9F-340F-47BF-B862-A0F03B4A2124}.AppStore|x86.Build.0 = Release|x86
		{B5712D9F-340F-47BF-B862-A0F03B4A2124}.AppStore|x86.Deploy.0 = Release|x86
		{B5712D9F-340F-47BF-B862-A0F03B4A2124}.Debug|Any CPU.ActiveCfg = Debug|x86
		{B5712D9F-340F-47BF-B862-A0F03B4A2124}.Debug|ARM.ActiveCfg = Debug|ARM
		{B5712D9F-340F-47BF-B862-A0F03B4A2124}.Debug|ARM.Build.0 = Debug|ARM
		{B5712D9F-340F-47BF-B862-A0F03B4A2124}.Debug|ARM.Deploy.0 = Debug|ARM
		{B5712D9F-340F-47BF-B862-A0F03B4A2124}.Debug|iPhone.ActiveCfg = Debug|x86
		{B5712D9F-340F-47BF-B862-A0F03B4A2124}.Debug|iPhoneSimulator.ActiveCfg = Debug|x86
		{B5712D9F-340F-47BF-B862-A0F03B4A2124}.Debug|x64.ActiveCfg = Debug|x64
		{B5712D9F-340F-47BF-B862-A0F03B4A2124}.Debug|x64.Build.0 = Debug|x64
		{B5712D9F-340F-47BF-B862-A0F03B4A2124}.Debug|x64.Deploy.0 = Debug|x64
		{B5712D9F-340F-47BF-B862-A0F03B4A2124}.Debug|x86.ActiveCfg = Debug|x86
		{B5712D9F-340F-47BF-B862-A0F03B4A2124}.Debug|x86.Build.0 = Debug|x86
		{B5712D9F-340F-47BF-B862-A0F03B4A2124}.Debug|x86.Deploy.0 = Debug|x86
		{B5712D9F-340F-47BF-B862-A0F03B4A2124}.Release|Any CPU.ActiveCfg = Release|x86
		{B5712D9F-340F-47BF-B862-A0F03B4A2124}.Release|ARM.ActiveCfg = Release|ARM
		{B5712D9F-340F-47BF-B862-A0F03B4A2124}.Release|ARM.Build.0 = Release|ARM
		{B5712D9F-340F-47BF-B862-A0F03B4A2124}.Release|ARM.Deploy.0 = Release|ARM
		{B5712D9F-340F-47BF-B862-A0F03B4A2124}.Release|iPhone.ActiveCfg = Release|x86
		{B5712D9F-340F-47BF-B862-A0F03B4A2124}.Release|iPhoneSimulator.ActiveCfg = Release|x86
		{B5712D9F-340F-47BF-B862-A0F03B4A2124}.Release|x64.ActiveCfg = Release|x64
		{B5712D9F-340F-47BF-B862-A0F03B4A2124}.Release|x64.Build.0 = Release|x64
		{B5712D9F-340F-47BF-B862-A0F03B4A2124}.Release|x64.Deploy.0 = Release|x64
		{B5712D9F-340F-47BF-B862-A0F03B4A2124}.Release|x86.ActiveCfg = Release|x86
		{B5712D9F-340F-47BF-B862-A0F03B4A2124}.Release|x86.Build.0 = Release|x86
		{B5712D9F-340F-47BF-B862-A0F03B4A2124}.Release|x86.Deploy.0 = Release|x86
	EndGlobalSection
	GlobalSection(SolutionProperties) = preSolution
		HideSolutionNode = FALSE
	EndGlobalSection
	GlobalSection(ExtensibilityGlobals) = postSolution
		SolutionGuid = {CF308786-349A-4B4D-B547-46007ECD1D03}
	EndGlobalSection
EndGlobal
